<?xml version="1.0" encoding="utf-8"?>
<Project ToolsVersion="18.0" xmlns="http://schemas.microsoft.com/developer/msbuild/2003">
  <ItemGroup>
    <ClCompile Include="C:\Dev\Wormhole\gui\build_windows\test_gui_ipc_autogen\mocs_compilation_Debug.cpp">
      <Filter>Source Files</Filter>
    </ClCompile>
    <ClCompile Include="C:\Dev\Wormhole\gui\test_gui_ipc.cpp">
      <Filter>Source Files</Filter>
    </ClCompile>
    <ClCompile Include="C:\Dev\Wormhole\gui\IpcWorker.cpp">
      <Filter>Source Files</Filter>
    </ClCompile>
    <ClCompile Include="C:\Dev\Wormhole\gui\DaemonClient.cpp">
      <Filter>Source Files</Filter>
    </ClCompile>
    <ClCompile Include="C:\Dev\Wormhole\gui\build_windows\test_gui_ipc_autogen\mocs_compilation_Release.cpp">
      <Filter>Source Files</Filter>
    </ClCompile>
    <ClCompile Include="C:\Dev\Wormhole\gui\build_windows\test_gui_ipc_autogen\mocs_compilation_MinSizeRel.cpp">
      <Filter>Source Files</Filter>
    </ClCompile>
    <ClCompile Include="C:\Dev\Wormhole\gui\build_windows\test_gui_ipc_autogen\mocs_compilation_RelWithDebInfo.cpp">
      <Filter>Source Files</Filter>
    </ClCompile>
  </ItemGroup>
  <ItemGroup>
    <CustomBuild Include="C:\Dev\Wormhole\gui\CMakeLists.txt" />
  </ItemGroup>
  <ItemGroup>
    <Filter Include="Source Files">
      <UniqueIdentifier>{3E038B33-3072-3EAA-9E04-A6215C2DC7C3}</UniqueIdentifier>
    </Filter>
  </ItemGroup>
</Project>
